
Microsoft Visual Studio Solution File, Format Version 12.00
# Visual Studio 15
VisualStudioVersion = 15.0.28010.2041
MinimumVisualStudioVersion = 10.0.40219.1
Project("{9A19103F-16F7-4668-BE54-9A1E7A4F7556}") = "Basics", "ConsoleApp1\Basics.csproj", "{39F459BF-F5CA-4F8E-A785-3B8EC7474760}"
EndProject
Project("{9A19103F-16F7-4668-BE54-9A1E7A4F7556}") = "Inheritance", "Inheritance\Inheritance.csproj", "{4ACC9599-F497-4302-A676-5DA1F50B2D1A}"
EndProject
Project("{FAE04EC0-301F-11D3-BF4B-00C04F79EFBC}") = "CollectionsFiles", "CollectionsFiles\CollectionsFiles.csproj", "{CF3FBBF9-2B87-44FF-A0C9-81542B42A491}"
EndProject
Global
	GlobalSection(SolutionConfigurationPlatforms) = preSolution
		Debug|Any CPU = Debug|Any CPU
		Release|Any CPU = Release|Any CPU
	EndGlobalSection
	GlobalSection(ProjectConfigurationPlatforms) = postSolution
		{39F459BF-F5CA-4F8E-A785-3B8EC7474760}.Debug|Any CPU.ActiveCfg = Debug|Any CPU
		{39F459BF-F5CA-4F8E-A785-3B8EC7474760}.Debug|Any CPU.Build.0 = Debug|Any CPU
		{39F459BF-F5CA-4F8E-A785-3B8EC7474760}.Release|Any CPU.ActiveCfg = Release|Any CPU
		{39F459BF-F5CA-4F8E-A785-3B8EC7474760}.Release|Any CPU.Build.0 = Release|Any CPU
		{4ACC9599-F497-4302-A676-5DA1F50B2D1A}.Debug|Any CPU.ActiveCfg = Debug|Any CPU
		{4ACC9599-F497-4302-A676-5DA1F50B2D1A}.Debug|Any CPU.Build.0 = Debug|Any CPU
		{4ACC9599-F497-4302-A676-5DA1F50B2D1A}.Release|Any CPU.ActiveCfg = Release|Any CPU
		{4ACC9599-F497-4302-A676-5DA1F50B2D1A}.Release|Any CPU.Build.0 = Release|Any CPU
		{CF3FBBF9-2B87-44FF-A0C9-81542B42A491}.Debug|Any CPU.ActiveCfg = Debug|Any CPU
		{CF3FBBF9-2B87-44FF-A0C9-81542B42A491}.Debug|Any CPU.Build.0 = Debug|Any CPU
		{CF3FBBF9-2B87-44FF-A0C9-81542B42A491}.Release|Any CPU.ActiveCfg = Release|Any CPU
		{CF3FBBF9-2B87-44FF-A0C9-81542B42A491}.Release|Any CPU.Build.0 = Release|Any CPU
	EndGlobalSection
	GlobalSection(SolutionProperties) = preSolution
		HideSolutionNode = FALSE
	EndGlobalSection
	GlobalSection(ExtensibilityGlobals) = postSolution
		SolutionGuid = {74A666FC-18FE-4154-B08B-43F1395B0332}
	EndGlobalSection
EndGlobal
