
Microsoft Visual Studio Solution File, Format Version 12.00
# Visual Studio 15
VisualStudioVersion = 15.0.28010.2041
MinimumVisualStudioVersion = 10.0.40219.1
Project("{9A19103F-16F7-4668-BE54-9A1E7A4F7556}") = "WebApplication1", "WebApplication1\WebApplication1.csproj", "{AA52B2FC-848E-4470-80F6-C7FEB5A21BC4}"
EndProject
Global
	GlobalSection(SolutionConfigurationPlatforms) = preSolution
		Debug|Any CPU = Debug|Any CPU
		Release|Any CPU = Release|Any CPU
	EndGlobalSection
	GlobalSection(ProjectConfigurationPlatforms) = postSolution
		{AA52B2FC-848E-4470-80F6-C7FEB5A21BC4}.Debug|Any CPU.ActiveCfg = Debug|Any CPU
		{AA52B2FC-848E-4470-80F6-C7FEB5A21BC4}.Debug|Any CPU.Build.0 = Debug|Any CPU
		{AA52B2FC-848E-4470-80F6-C7FEB5A21BC4}.Release|Any CPU.ActiveCfg = Release|Any CPU
		{AA52B2FC-848E-4470-80F6-C7FEB5A21BC4}.Release|Any CPU.Build.0 = Release|Any CPU
	EndGlobalSection
	GlobalSection(SolutionProperties) = preSolution
		HideSolutionNode = FALSE
	EndGlobalSection
	GlobalSection(ExtensibilityGlobals) = postSolution
		SolutionGuid = {F008DCE5-01F2-48B3-898C-9D4CFB925ACF}
	EndGlobalSection
EndGlobal
